#MicroXplorer Configuration settings - do not modify
ADC1.Channel-0\#ChannelRegularConversion=ADC_CHANNEL_0
ADC1.IPParameters=Rank-0\#ChannelRegularConversion,Channel-0\#ChannelRegularConversion,SamplingTime-0\#ChannelRegularConversion,NbrOfConversionFlag,master
ADC1.NbrOfConversionFlag=1
ADC1.Rank-0\#ChannelRegularConversion=1
ADC1.SamplingTime-0\#ChannelRegularConversion=ADC_SAMPLETIME_3CYCLES
ADC1.master=1
CAN1.CalculateTimeQuantum=1000.0
CAN1.IPParameters=CalculateTimeQuantum
CAN2.CalculateTimeQuantum=1000.0
CAN2.IPParameters=CalculateTimeQuantum
CAN3.CalculateTimeQuantum=1000.0
CAN3.IPParameters=CalculateTimeQuantum
CORTEX_M7.ART_ACCLERATOR_ENABLE=1
CORTEX_M7.CPU_DCache=Enabled
CORTEX_M7.CPU_ICache=Enabled
CORTEX_M7.IPParameters=CPU_ICache,CPU_DCache,PREFETCH_ENABLE,ART_ACCLERATOR_ENABLE
CORTEX_M7.PREFETCH_ENABLE=1
Dma.Request0=USART1_RX
Dma.Request1=USART6_RX
Dma.Request2=SDMMC1
Dma.Request3=UART8_RX
Dma.Request4=UART8_TX
Dma.RequestsNb=5
Dma.SDMMC1.2.Direction=DMA_PERIPH_TO_MEMORY
Dma.SDMMC1.2.FIFOMode=DMA_FIFOMODE_ENABLE
Dma.SDMMC1.2.FIFOThreshold=DMA_FIFO_THRESHOLD_FULL
Dma.SDMMC1.2.Instance=DMA2_Stream3
Dma.SDMMC1.2.MemBurst=DMA_MBURST_INC4
Dma.SDMMC1.2.MemDataAlignment=DMA_MDATAALIGN_WORD
Dma.SDMMC1.2.MemInc=DMA_MINC_ENABLE
Dma.SDMMC1.2.Mode=DMA_PFCTRL
Dma.SDMMC1.2.PeriphBurst=DMA_PBURST_INC4
Dma.SDMMC1.2.PeriphDataAlignment=DMA_PDATAALIGN_WORD
Dma.SDMMC1.2.PeriphInc=DMA_PINC_DISABLE
Dma.SDMMC1.2.Priority=DMA_PRIORITY_LOW
Dma.SDMMC1.2.RequestParameters=Instance,Direction,PeriphInc,MemInc,PeriphDataAlignment,MemDataAlignment,Mode,Priority,FIFOMode,FIFOThreshold,MemBurst,PeriphBurst
Dma.UART8_RX.3.Direction=DMA_PERIPH_TO_MEMORY
Dma.UART8_RX.3.FIFOMode=DMA_FIFOMODE_DISABLE
Dma.UART8_RX.3.Instance=DMA1_Stream6
Dma.UART8_RX.3.MemDataAlignment=DMA_MDATAALIGN_BYTE
Dma.UART8_RX.3.MemInc=DMA_MINC_ENABLE
Dma.UART8_RX.3.Mode=DMA_NORMAL
Dma.UART8_RX.3.PeriphDataAlignment=DMA_PDATAALIGN_BYTE
Dma.UART8_RX.3.PeriphInc=DMA_PINC_DISABLE
Dma.UART8_RX.3.Priority=DMA_PRIORITY_LOW
Dma.UART8_RX.3.RequestParameters=Instance,Direction,PeriphInc,MemInc,PeriphDataAlignment,MemDataAlignment,Mode,Priority,FIFOMode
Dma.UART8_TX.4.Direction=DMA_MEMORY_TO_PERIPH
Dma.UART8_TX.4.FIFOMode=DMA_FIFOMODE_DISABLE
Dma.UART8_TX.4.Instance=DMA1_Stream0
Dma.UART8_TX.4.MemDataAlignment=DMA_MDATAALIGN_BYTE
Dma.UART8_TX.4.MemInc=DMA_MINC_ENABLE
Dma.UART8_TX.4.Mode=DMA_NORMAL
Dma.UART8_TX.4.PeriphDataAlignment=DMA_PDATAALIGN_BYTE
Dma.UART8_TX.4.PeriphInc=DMA_PINC_DISABLE
Dma.UART8_TX.4.Priority=DMA_PRIORITY_LOW
Dma.UART8_TX.4.RequestParameters=Instance,Direction,PeriphInc,MemInc,PeriphDataAlignment,MemDataAlignment,Mode,Priority,FIFOMode
Dma.USART1_RX.0.Direction=DMA_PERIPH_TO_MEMORY
Dma.USART1_RX.0.FIFOMode=DMA_FIFOMODE_DISABLE
Dma.USART1_RX.0.Instance=DMA2_Stream5
Dma.USART1_RX.0.MemDataAlignment=DMA_MDATAALIGN_BYTE
Dma.USART1_RX.0.MemInc=DMA_MINC_ENABLE
Dma.USART1_RX.0.Mode=DMA_NORMAL
Dma.USART1_RX.0.PeriphDataAlignment=DMA_PDATAALIGN_BYTE
Dma.USART1_RX.0.PeriphInc=DMA_PINC_DISABLE
Dma.USART1_RX.0.Priority=DMA_PRIORITY_LOW
Dma.USART1_RX.0.RequestParameters=Instance,Direction,PeriphInc,MemInc,PeriphDataAlignment,MemDataAlignment,Mode,Priority,FIFOMode
Dma.USART6_RX.1.Direction=DMA_PERIPH_TO_MEMORY
Dma.USART6_RX.1.FIFOMode=DMA_FIFOMODE_DISABLE
Dma.USART6_RX.1.Instance=DMA2_Stream2
Dma.USART6_RX.1.MemDataAlignment=DMA_MDATAALIGN_BYTE
Dma.USART6_RX.1.MemInc=DMA_MINC_ENABLE
Dma.USART6_RX.1.Mode=DMA_NORMAL
Dma.USART6_RX.1.PeriphDataAlignment=DMA_PDATAALIGN_BYTE
Dma.USART6_RX.1.PeriphInc=DMA_PINC_DISABLE
Dma.USART6_RX.1.Priority=DMA_PRIORITY_LOW
Dma.USART6_RX.1.RequestParameters=Instance,Direction,PeriphInc,MemInc,PeriphDataAlignment,MemDataAlignment,Mode,Priority,FIFOMode
File.Version=6
KeepUserPlacement=false
Mcu.Family=STM32F7
Mcu.IP0=ADC1
Mcu.IP1=CAN1
Mcu.IP10=NVIC
Mcu.IP11=RCC
Mcu.IP12=SDMMC1
Mcu.IP13=SPI1
Mcu.IP14=SPI2
Mcu.IP15=SPI4
Mcu.IP16=SPI5
Mcu.IP17=SYS
Mcu.IP18=TIM1
Mcu.IP19=TIM2
Mcu.IP2=CAN2
Mcu.IP20=TIM4
Mcu.IP21=TIM12
Mcu.IP22=UART4
Mcu.IP23=UART7
Mcu.IP24=UART8
Mcu.IP25=USART1
Mcu.IP26=USART2
Mcu.IP27=USART3
Mcu.IP28=USART6
Mcu.IP29=USB_OTG_FS
Mcu.IP3=CAN3
Mcu.IP4=CORTEX_M7
Mcu.IP5=DMA
Mcu.IP6=I2C1
Mcu.IP7=I2C2
Mcu.IP8=I2C3
Mcu.IP9=I2C4
Mcu.IPNb=30
Mcu.Name=STM32F765I(G-I)Kx
Mcu.Package=UFBGA176
Mcu.Pin0=PE3
Mcu.Pin1=PE2
Mcu.Pin10=PC12
Mcu.Pin100=PD12
Mcu.Pin101=PD11
Mcu.Pin102=PD10
Mcu.Pin103=PA2
Mcu.Pin104=PA6
Mcu.Pin105=PA5
Mcu.Pin106=PC5
Mcu.Pin107=PF12
Mcu.Pin108=PF15
Mcu.Pin109=PE8
Mcu.Pin11=PA15
Mcu.Pin110=PE9
Mcu.Pin111=PE11
Mcu.Pin112=PE14
Mcu.Pin113=PB12
Mcu.Pin114=PB13
Mcu.Pin115=PD9
Mcu.Pin116=PD8
Mcu.Pin117=PA3
Mcu.Pin118=PA7
Mcu.Pin119=PB1
Mcu.Pin12=PA14
Mcu.Pin120=PB0
Mcu.Pin121=PF11
Mcu.Pin122=PF14
Mcu.Pin123=PE10
Mcu.Pin124=PE12
Mcu.Pin125=PE15
Mcu.Pin126=PB10
Mcu.Pin127=PB11
Mcu.Pin128=PB14
Mcu.Pin129=PB15
Mcu.Pin13=PA13
Mcu.Pin130=VP_SYS_VS_Systick
Mcu.Pin14=PE4
Mcu.Pin15=PE5
Mcu.Pin16=PE6
Mcu.Pin17=PB9
Mcu.Pin18=PB7
Mcu.Pin19=PB6
Mcu.Pin2=PE1
Mcu.Pin20=PG15
Mcu.Pin21=PG12
Mcu.Pin22=PG11
Mcu.Pin23=PG10
Mcu.Pin24=PD6
Mcu.Pin25=PD0
Mcu.Pin26=PC11
Mcu.Pin27=PC10
Mcu.Pin28=PA12
Mcu.Pin29=PI7
Mcu.Pin3=PE0
Mcu.Pin30=PI6
Mcu.Pin31=PI5
Mcu.Pin32=PG9
Mcu.Pin33=PD5
Mcu.Pin34=PD1
Mcu.Pin35=PI3
Mcu.Pin36=PI2
Mcu.Pin37=PA11
Mcu.Pin38=PC13
Mcu.Pin39=PI8
Mcu.Pin4=PB8
Mcu.Pin40=PI9
Mcu.Pin41=PI4
Mcu.Pin42=PD4
Mcu.Pin43=PD3
Mcu.Pin44=PD2
Mcu.Pin45=PH15
Mcu.Pin46=PI1
Mcu.Pin47=PA10
Mcu.Pin48=PF0
Mcu.Pin49=PI10
Mcu.Pin5=PG14
Mcu.Pin50=PI11
Mcu.Pin51=PH13
Mcu.Pin52=PH14
Mcu.Pin53=PA9
Mcu.Pin54=PH2
Mcu.Pin55=PC9
Mcu.Pin56=PA8
Mcu.Pin57=PH0/OSC_IN
Mcu.Pin58=PH3
Mcu.Pin59=PC8
Mcu.Pin6=PG13
Mcu.Pin60=PC7
Mcu.Pin61=PH1/OSC_OUT
Mcu.Pin62=PF2
Mcu.Pin63=PF1
Mcu.Pin64=PH4
Mcu.Pin65=PG8
Mcu.Pin66=PC6
Mcu.Pin67=PF3
Mcu.Pin68=PF4
Mcu.Pin69=PH5
Mcu.Pin7=PB4
Mcu.Pin70=PG7
Mcu.Pin71=PG6
Mcu.Pin72=PF7
Mcu.Pin73=PF6
Mcu.Pin74=PF5
Mcu.Pin75=PG5
Mcu.Pin76=PG4
Mcu.Pin77=PG3
Mcu.Pin78=PF10
Mcu.Pin79=PF9
Mcu.Pin8=PB3
Mcu.Pin80=PF8
Mcu.Pin81=PD15
Mcu.Pin82=PG2
Mcu.Pin83=PC0
Mcu.Pin84=PC1
Mcu.Pin85=PC2
Mcu.Pin86=PC3
Mcu.Pin87=PG1
Mcu.Pin88=PH6
Mcu.Pin89=PH8
Mcu.Pin9=PD7
Mcu.Pin90=PH9
Mcu.Pin91=PD14
Mcu.Pin92=PD13
Mcu.Pin93=PA1
Mcu.Pin94=PA0/WKUP
Mcu.Pin95=PA4
Mcu.Pin96=PC4
Mcu.Pin97=PG0
Mcu.Pin98=PE13
Mcu.Pin99=PH7
Mcu.PinsNb=131
Mcu.ThirdPartyNb=0
Mcu.UserConstants=
Mcu.UserName=STM32F765IIKx
MxCube.Version=5.0.0
MxDb.Version=DB.5.0.0
NVIC.BusFault_IRQn=true\:0\:0\:false\:false\:true\:false
NVIC.DMA1_Stream0_IRQn=true\:0\:0\:false\:false\:true\:false
NVIC.DMA1_Stream6_IRQn=true\:0\:0\:false\:false\:true\:false
NVIC.DMA2_Stream2_IRQn=true\:0\:0\:false\:false\:true\:false
NVIC.DMA2_Stream3_IRQn=true\:0\:0\:false\:false\:true\:false
NVIC.DMA2_Stream5_IRQn=true\:0\:0\:false\:false\:true\:false
NVIC.DebugMonitor_IRQn=true\:0\:0\:false\:false\:true\:false
NVIC.HardFault_IRQn=true\:0\:0\:false\:false\:true\:false
NVIC.MemoryManagement_IRQn=true\:0\:0\:false\:false\:true\:false
NVIC.NonMaskableInt_IRQn=true\:0\:0\:false\:false\:true\:false
NVIC.PendSV_IRQn=true\:0\:0\:false\:false\:true\:false
NVIC.PriorityGroup=NVIC_PRIORITYGROUP_4
NVIC.SVCall_IRQn=true\:0\:0\:false\:false\:true\:false
NVIC.SysTick_IRQn=true\:0\:0\:false\:false\:true\:false
NVIC.UsageFault_IRQn=true\:0\:0\:false\:false\:true\:false
PA0/WKUP.GPIOParameters=GPIO_Label
PA0/WKUP.GPIO_Label=ADC_BATTERY1_VOLTAGE_CHANNEL
PA0/WKUP.Locked=true
PA0/WKUP.Signal=ADCx_IN0
PA1.GPIOParameters=GPIO_Label
PA1.GPIO_Label=ADC_BATTERY1_CURRENT_CHANNEL
PA1.Locked=true
PA1.Signal=ADCx_IN1
PA10.GPIOParameters=GPIO_Label
PA10.GPIO_Label=FMU_CH2
PA10.Locked=true
PA10.Signal=S_TIM1_CH3
PA11.Mode=Device_Only
PA11.Signal=USB_OTG_FS_DM
PA12.Mode=Device_Only
PA12.Signal=USB_OTG_FS_DP
PA13.Mode=Serial_Wire
PA13.Signal=SYS_JTMS-SWDIO
PA14.Mode=Serial_Wire
PA14.Signal=SYS_JTCK-SWCLK
PA15.Locked=true
PA15.Mode=Master
PA15.Signal=CAN3_TX
PA2.GPIOParameters=GPIO_Label
PA2.GPIO_Label=ADC_BATTERY2_VOLTAGE_CHANNEL
PA2.Locked=true
PA2.Signal=ADCx_IN2
PA3.GPIOParameters=GPIO_Label
PA3.GPIO_Label=ADC_BATTERY2_CURRENT_CHANNEL
PA3.Locked=true
PA3.Signal=ADCx_IN3
PA4.GPIOParameters=GPIO_Label
PA4.GPIO_Label=ADC1_SPARE_2_CHANNEL
PA4.Locked=true
PA4.Signal=ADCx_IN4
PA5.GPIOParameters=GPIO_Label
PA5.GPIO_Label=GPIO_TIM2_CH1_IN
PA5.Locked=true
PA5.Signal=S_TIM2_CH1_ETR
PA6.Mode=Full_Duplex_Master
PA6.Signal=SPI1_MISO
PA7.GPIOParameters=GPIO_Label
PA7.GPIO_Label=GPIO_CAN2_SILENT_S1
PA7.Locked=true
PA7.Signal=GPIO_Output
PA8.Locked=true
PA8.Mode=Master
PA8.Signal=CAN3_RX
PA9.Mode=Activate_VBUS
PA9.Signal=USB_OTG_FS_VBUS
PB0.GPIOParameters=GPIO_Label
PB0.GPIO_Label=ADC_RSSI_IN_CHANNEL
PB0.Locked=true
PB0.Signal=ADCx_IN8
PB1.GPIOParameters=GPIO_Speed,GPIO_Label,GPIO_ModeDefaultOutputPP
PB1.GPIO_Label=GPIO_nLED_RED
PB1.GPIO_ModeDefaultOutputPP=GPIO_MODE_OUTPUT_OD
PB1.GPIO_Speed=GPIO_SPEED_FREQ_VERY_HIGH
PB1.Locked=true
PB1.Signal=GPIO_Output
PB10.GPIOParameters=GPIO_Label
PB10.GPIO_Label=GPIO_nSPI5_RESET_EXTERNAL1
PB10.Locked=true
PB10.Signal=GPIO_Output
PB11.GPIOParameters=GPIO_Label
PB11.GPIO_Label=GPIO_TIM2_CH4_IN
PB11.Locked=true
PB11.Signal=S_TIM2_CH4
PB12.Locked=true
PB12.Mode=Slave
PB12.Signal=CAN2_RX
PB13.Locked=true
PB13.Mode=Slave
PB13.Signal=CAN2_TX
PB14.GPIOParameters=GPIO_Label
PB14.GPIO_Label=GPIO_SPI1_DRDY2_BMI055_GYRO
PB14.Locked=true
PB14.Signal=GPIO_Input
PB15.GPIOParameters=GPIO_Label
PB15.GPIO_Label=GPIO_SPI1_DRDY3_BMI055_ACC
PB15.Locked=true
PB15.Signal=GPIO_Input
PB3.GPIOParameters=GPIO_Label
PB3.GPIO_Label=GPIO_TIM2_CH2_IN
PB3.Locked=true
PB3.Signal=S_TIM2_CH2
PB4.GPIOParameters=GPIO_Label
PB4.GPIO_Label=GPIO_SPI1_DRDY1_ICM20689
PB4.Locked=true
PB4.Signal=GPIO_Input
PB6.Locked=true
PB6.Mode=Asynchronous
PB6.Signal=USART1_TX
PB7.Locked=true
PB7.Mode=Asynchronous
PB7.Signal=USART1_RX
PB8.Mode=I2C
PB8.Signal=I2C1_SCL
PB9.Mode=I2C
PB9.Signal=I2C1_SDA
PC0.GPIOParameters=GPIO_Label
PC0.GPIO_Label=ADC_SCALED_V5_CHANNEL
PC0.Locked=true
PC0.Signal=ADCx_IN10
PC1.GPIOParameters=GPIO_Label
PC1.GPIO_Label=ADC_SCALED_VDD_3V3_SENSORS_CHANNEL
PC1.Locked=true
PC1.Signal=ADCx_IN11
PC10.Locked=true
PC10.Mode=mmc_4_bits_Wide_bus
PC10.Signal=SDMMC1_D2
PC11.Locked=true
PC11.Mode=mmc_4_bits_Wide_bus
PC11.Signal=SDMMC1_D3
PC12.Mode=mmc_4_bits_Wide_bus
PC12.Signal=SDMMC1_CK
PC13.GPIOParameters=GPIO_Label
PC13.GPIO_Label=GPIO_SPI1_DRDY5_BMI055_GYRO
PC13.Locked=true
PC13.Signal=GPIO_Input
PC2.GPIOParameters=GPIO_Label
PC2.GPIO_Label=ADC_HW_VER_SENSE_CHANNEL
PC2.Locked=true
PC2.Signal=ADCx_IN12
PC3.GPIOParameters=GPIO_Label
PC3.GPIO_Label=ADC_HW_REV_SENSE_CHANNEL
PC3.Locked=true
PC3.Signal=ADCx_IN13
PC4.GPIOParameters=GPIO_Label
PC4.GPIO_Label=ADC1_SPARE_1_CHANNEL
PC4.Locked=true
PC4.Signal=ADCx_IN14
PC5.GPIOParameters=GPIO_Label
PC5.GPIO_Label=GPIO_SPI1_DRDY4_ICM20602
PC5.Locked=true
PC5.Signal=GPIO_Input
PC6.GPIOParameters=GPIO_Speed,GPIO_Label,GPIO_ModeDefaultOutputPP
PC6.GPIO_Label=GPIO_nLED_GREEN
PC6.GPIO_ModeDefaultOutputPP=GPIO_MODE_OUTPUT_OD
PC6.GPIO_Speed=GPIO_SPEED_FREQ_VERY_HIGH
PC6.Locked=true
PC6.Signal=GPIO_Output
PC7.GPIOParameters=GPIO_Speed,GPIO_Label,GPIO_ModeDefaultOutputPP
PC7.GPIO_Label=GPIO_nLED_BLUE
PC7.GPIO_ModeDefaultOutputPP=GPIO_MODE_OUTPUT_OD
PC7.GPIO_Speed=GPIO_SPEED_FREQ_VERY_HIGH
PC7.Locked=true
PC7.Signal=GPIO_Output
PC8.Mode=mmc_4_bits_Wide_bus
PC8.Signal=SDMMC1_D0
PC9.Locked=true
PC9.Mode=mmc_4_bits_Wide_bus
PC9.Signal=SDMMC1_D1
PCC.Checker=false
PCC.Line=STM32F7x5
PCC.MCU=STM32F765I(G-I)Kx
PCC.PartNumber=STM32F765IIKx
PCC.Seq0=0
PCC.Series=STM32F7
PCC.Temperature=25
PCC.Vdd=3.3
PD0.Mode=Asynchronous
PD0.Signal=UART4_RX
PD1.Mode=Asynchronous
PD1.Signal=UART4_TX
PD10.GPIOParameters=GPIO_Label
PD10.GPIO_Label=GPIO_SPI1_DRDY6_BMI055_ACC
PD10.Locked=true
PD10.Signal=GPIO_Input
PD11.Mode=CTS_RTS
PD11.Signal=USART3_CTS
PD12.Locked=true
PD12.Mode=CTS_RTS
PD12.Signal=USART3_RTS
PD13.GPIOParameters=GPIO_Label
PD13.GPIO_Label=FMU_CH5
PD13.Locked=true
PD13.Signal=S_TIM4_CH2
PD14.GPIOParameters=GPIO_Label
PD14.GPIO_Label=FMU_CH6
PD14.Locked=true
PD14.Signal=S_TIM4_CH3
PD15.GPIOParameters=GPIO_Label
PD15.GPIO_Label=GPIO_SPI5_DRDY7_EXTERNAL1
PD15.Locked=true
PD15.Signal=GPIO_Input
PD2.Mode=mmc_4_bits_Wide_bus
PD2.Signal=SDMMC1_CMD
PD3.Mode=CTS_RTS
PD3.Signal=USART2_CTS
PD4.Mode=CTS_RTS
PD4.Signal=USART2_RTS
PD5.Mode=Asynchronous
PD5.Signal=USART2_TX
PD6.Mode=Asynchronous
PD6.Signal=USART2_RX
PD7.Mode=Full_Duplex_Master
PD7.Signal=SPI1_MOSI
PD8.Mode=Asynchronous
PD8.Signal=USART3_TX
PD9.Mode=Asynchronous
PD9.Signal=USART3_RX
PE0.Locked=true
PE0.Mode=Asynchronous
PE0.Signal=UART8_RX
PE1.Locked=true
PE1.Mode=Asynchronous
PE1.Signal=UART8_TX
PE10.GPIOParameters=GPIO_Label
PE10.GPIO_Label=GPIO_SAFETY_SWITCH_IN
PE10.Locked=true
PE10.Signal=GPIO_Input
PE11.GPIOParameters=GPIO_Label
PE11.GPIO_Label=FMU_CH3
PE11.Locked=true
PE11.Signal=S_TIM1_CH2
PE12.GPIOParameters=GPIO_Label
PE12.GPIO_Label=GPIO_nSAFETY_SWITCH_LED_OUT
PE12.Locked=true
PE12.Signal=GPIO_Output
PE13.Mode=Full_Duplex_Master
PE13.Signal=SPI4_MISO
PE14.GPIOParameters=GPIO_Label
PE14.GPIO_Label=FMU_CH1
PE14.Locked=true
PE14.Signal=S_TIM1_CH4
PE15.GPIOParameters=GPIO_Label
PE15.GPIO_Label=GPIO_nVDD_5V_PERIPH_OC
PE15.Locked=true
PE15.Signal=GPIO_Input
PE2.Mode=Full_Duplex_Master
PE2.Signal=SPI4_SCK
PE3.GPIOParameters=GPIO_Label
PE3.GPIO_Label=GPIO_VDD_3V3_SENSORS_EN
PE3.Locked=true
PE3.Signal=GPIO_Output
PE4.GPIOParameters=GPIO_Label
PE4.GPIO_Label=GPIO_VDD_3V3_SPEKTRUM_POWER_EN
PE4.Locked=true
PE4.Signal=GPIO_Output
PE5.GPIOParameters=GPIO_Label
PE5.GPIO_Label=GPIO_BUZZER_1
PE5.Locked=true
PE5.Signal=GPIO_Output
PE6.Mode=Full_Duplex_Master
PE6.Signal=SPI4_MOSI
PE8.Mode=Asynchronous
PE8.Signal=UART7_TX
PE9.GPIOParameters=GPIO_Label
PE9.GPIO_Label=FMU_CH4
PE9.Locked=true
PE9.Signal=S_TIM1_CH1
PF0.Mode=I2C
PF0.Signal=I2C2_SDA
PF1.Mode=I2C
PF1.Signal=I2C2_SCL
PF10.GPIOParameters=GPIO_Label
PF10.GPIO_Label=GPIO_SPI2_CS_FRAM
PF10.Locked=true
PF10.Signal=GPIO_Output
PF11.GPIOParameters=GPIO_Label
PF11.GPIO_Label=GPIO_SPI4_CS2
PF11.Locked=true
PF11.Signal=GPIO_Output
PF12.GPIOParameters=GPIO_Label
PF12.GPIO_Label=GPIO_nVDD_5V_HIPOWER_EN
PF12.Locked=true
PF12.Signal=GPIO_Input
PF14.Locked=true
PF14.Mode=I2C
PF14.Signal=I2C4_SCL
PF15.Locked=true
PF15.Mode=I2C
PF15.Signal=I2C4_SDA
PF2.GPIOParameters=GPIO_Label
PF2.GPIO_Label=GPIO_SPI1_CS1_ICM20689
PF2.Locked=true
PF2.Signal=GPIO_Output
PF3.GPIOParameters=GPIO_Label
PF3.GPIO_Label=GPIO_SPI1_CS2_ICM20602
PF3.Locked=true
PF3.Signal=GPIO_Output
PF4.GPIOParameters=GPIO_Label
PF4.GPIO_Label=GPIO_SPI1_CS3_BMI055_GYRO
PF4.Locked=true
PF4.Signal=GPIO_Output
PF5.GPIOParameters=GPIO_Label
PF5.GPIO_Label=GPIO_SPI2_CS_FRAM
PF5.Locked=true
PF5.Signal=GPIO_Output
PF6.Mode=Asynchronous
PF6.Signal=UART7_RX
PF7.Mode=Full_Duplex_Master
PF7.Signal=SPI5_SCK
PF8.Mode=Full_Duplex_Master
PF8.Signal=SPI5_MISO
PF9.Mode=Full_Duplex_Master
PF9.Signal=SPI5_MOSI
PG0.GPIOParameters=GPIO_Label
PG0.GPIO_Label=GPIO_VDD_5V_RC_EN
PG0.Locked=true
PG0.Signal=GPIO_Output
PG1.GPIOParameters=GPIO_Label
PG1.GPIO_Label=GPIO_nPOWER_IN_A
PG1.Locked=true
PG1.Signal=GPIO_Input
PG10.GPIOParameters=GPIO_Label
PG10.GPIO_Label=GPIO_SPI1_CS4_BMI055_ACC
PG10.Locked=true
PG10.Signal=GPIO_Output
PG11.Mode=Full_Duplex_Master
PG11.Signal=SPI1_SCK
PG12.GPIOParameters=GPIO_Label
PG12.GPIO_Label=GPIO_nVDD_5V_HIPOWER_EN
PG12.Locked=true
PG12.Signal=GPIO_Output
PG13.GPIOParameters=GPIO_Label
PG13.GPIO_Label=GPIO_nVDD_5V_HIPOWER_OC
PG13.Locked=true
PG13.Signal=GPIO_Input
PG14.Mode=Asynchronous
PG14.Signal=USART6_TX
PG15.Mode=CTS_RTS
PG15.Signal=USART6_CTS
PG2.GPIOParameters=GPIO_Label
PG2.GPIO_Label=GPIO_nPOWER_IN_B
PG2.Locked=true
PG2.Signal=GPIO_Input
PG3.GPIOParameters=GPIO_Label
PG3.GPIO_Label=GPIO_nPOWER_IN_C
PG3.Locked=true
PG3.Signal=GPIO_Input
PG4.GPIOParameters=GPIO_Label
PG4.GPIO_Label=GPIO_VDD_5V_PERIPH_EN
PG4.Locked=true
PG4.Signal=GPIO_Input
PG5.GPIOParameters=GPIO_Label
PG5.GPIO_Label=GPIO_VDD_5V_RC_EN
PG5.Locked=true
PG5.Signal=GPIO_Output
PG6.GPIOParameters=GPIO_Label
PG6.GPIO_Label=GPIO_VDD_5V_WIFI_EN
PG6.Locked=true
PG6.Signal=GPIO_Output
PG7.GPIOParameters=GPIO_Label
PG7.GPIO_Label=GPIO_VDD_3V3_SD_CARD_EN
PG7.Locked=true
PG7.Signal=GPIO_Output
PG8.Mode=CTS_RTS
PG8.Signal=USART6_RTS
PG9.Mode=Asynchronous
PG9.Signal=USART6_RX
PH0/OSC_IN.Mode=HSE-External-Oscillator
PH0/OSC_IN.Signal=RCC_OSC_IN
PH1/OSC_OUT.Mode=HSE-External-Oscillator
PH1/OSC_OUT.Signal=RCC_OSC_OUT
PH13.Locked=true
PH13.Mode=Master
PH13.Signal=CAN1_TX
PH14.GPIOParameters=GPIO_Label
PH14.GPIO_Label=GPIO_HW_REV_DRIVE
PH14.Locked=true
PH14.Signal=GPIO_Output
PH15.GPIOParameters=GPIO_Label
PH15.GPIO_Label=GPIO_SPI5_SYNC_EXTERNAL1
PH15.Locked=true
PH15.Signal=GPIO_Output
PH2.GPIOParameters=GPIO_Label
PH2.GPIO_Label=GPIO_CAN1_SILENT_S0
PH2.Locked=true
PH2.Signal=GPIO_Output
PH3.GPIOParameters=GPIO_Label
PH3.GPIO_Label=GPIO_CAN2_SILENT_S1
PH3.Locked=true
PH3.Signal=GPIO_Output
PH4.GPIOParameters=GPIO_Label
PH4.GPIO_Label=GPIO_CAN2_SILENT_S1
PH4.Locked=true
PH4.Signal=GPIO_Output
PH5.GPIOParameters=GPIO_Label
PH5.GPIO_Label=SPIAUX_CS_MEM
PH5.Locked=true
PH5.Signal=GPIO_Output
PH6.GPIOParameters=GPIO_Label
PH6.GPIO_Label=FMU_CH7
PH6.Locked=true
PH6.Signal=S_TIM12_CH1
PH7.Mode=I2C
PH7.Signal=I2C3_SCL
PH8.Locked=true
PH8.Mode=I2C
PH8.Signal=I2C3_SDA
PH9.GPIOParameters=GPIO_Label
PH9.GPIO_Label=FMU_CH8
PH9.Locked=true
PH9.Signal=S_TIM12_CH2
PI1.Mode=Full_Duplex_Master
PI1.Signal=SPI2_SCK
PI10.GPIOParameters=GPIO_Label
PI10.GPIO_Label=SPI5_CS1_EXTERNAL1
PI10.Locked=true
PI10.Signal=GPIO_Output
PI11.GPIOParameters=GPIO_Label
PI11.GPIO_Label=SPI5_CS3_EXTERNAL1
PI11.Locked=true
PI11.Signal=GPIO_Output
PI2.Mode=Full_Duplex_Master
PI2.Signal=SPI2_MISO
PI3.Mode=Full_Duplex_Master
PI3.Signal=SPI2_MOSI
PI4.GPIOParameters=GPIO_Label
PI4.GPIO_Label=SPI5_CS1_EXTERNAL1
PI4.Locked=true
PI4.Signal=GPIO_Output
PI5.GPIOParameters=GPIO_Label
PI5.GPIO_Label=GPIO_PPM_IN_AS_OUT
PI5.Locked=true
PI5.Signal=GPIO_Output
PI6.GPIOParameters=GPIO_Label
PI6.GPIO_Label=SPI6_CS1_EXTERNAL2
PI6.Locked=true
PI6.Signal=GPIO_Output
PI7.GPIOParameters=GPIO_Label
PI7.GPIO_Label=SPI6_CS2_EXTERNAL2
PI7.Locked=true
PI7.Signal=GPIO_Output
PI8.GPIOParameters=GPIO_Label
PI8.GPIO_Label=SPI6_CS3_EXTERNAL2
PI8.Locked=true
PI8.Signal=GPIO_Output
PI9.Locked=true
PI9.Mode=Master
PI9.Signal=CAN1_RX
PinOutPanel.CurrentBGAView=Top
PinOutPanel.RotationAngle=0
ProjectManager.AskForMigrate=true
ProjectManager.BackupPrevious=false
ProjectManager.CompilerOptimize=6
ProjectManager.ComputerToolchain=false
ProjectManager.CoupleFile=false
ProjectManager.CustomerFirmwarePackage=
ProjectManager.DefaultFWLocation=true
ProjectManager.DeletePrevious=true
ProjectManager.DeviceId=STM32F765IIKx
ProjectManager.FirmwarePackage=STM32Cube FW_F7 V1.14.0
ProjectManager.FreePins=false
ProjectManager.HalAssertFull=false
ProjectManager.HeapSize=0x200
ProjectManager.KeepUserCode=false
ProjectManager.LastFirmware=true
ProjectManager.LibraryCopy=2
ProjectManager.MainLocation=Src
ProjectManager.NoMain=false
ProjectManager.PreviousToolchain=
ProjectManager.ProjectBuild=false
ProjectManager.ProjectFileName=px4fmu-v5.ioc
ProjectManager.ProjectName=px4fmu-v5
ProjectManager.StackSize=0x400
ProjectManager.TargetToolchain=Makefile
ProjectManager.TemplateDestinationPath=/Users/dagar/git/Firmware/boards/px4/fmu-v5/documentation/generated
ProjectManager.TemplateSourcePath=/Applications/STMicroelectronics/STM32CubeMX.app/Contents/Resources/db/extra_templates
ProjectManager.ToolChainLocation=
ProjectManager.UnderRoot=false
ProjectManager.UseDefaultDestinationPath=true
ProjectManager.UseDefaultSourcePath=true
ProjectManager.functionlistsort=1-MX_GPIO_Init-GPIO-false-HAL-true,2-MX_DMA_Init-DMA-false-HAL-true,3-SystemClock_Config-RCC-false-HAL-false,4-MX_CORTEX_M7_Init-CORTEX_M7-true-HAL-true,5-MX_USART1_UART_Init-USART1-true-HAL-true,6-MX_USART2_UART_Init-USART2-true-HAL-true,7-MX_USART6_UART_Init-USART6-true-HAL-true,8-MX_CAN1_Init-CAN1-true-HAL-true,9-MX_SPI2_Init-SPI2-true-HAL-true,10-MX_SPI5_Init-SPI5-true-HAL-true,11-MX_I2C1_Init-I2C1-true-HAL-true,12-MX_I2C2_Init-I2C2-true-HAL-true,13-MX_I2C3_Init-I2C3-true-HAL-true,14-MX_I2C4_Init-I2C4-true-HAL-true,15-MX_SDMMC1_MMC_Init-SDMMC1-true-HAL-true,16-MX_USB_OTG_FS_PCD_Init-USB_OTG_FS-true-HAL-true,17-MX_ADC1_Init-ADC1-true-HAL-true,18-MX_TIM1_Init-TIM1-true-HAL-true,19-MX_TIM4_Init-TIM4-true-HAL-true,20-MX_TIM12_Init-TIM12-true-HAL-true,21-MX_SPI1_Init-SPI1-false-HAL-true,22-MX_CAN2_Init-CAN2-false-HAL-true,23-MX_CAN3_Init-CAN3-false-HAL-true,24-MX_SPI4_Init-SPI4-false-HAL-true,25-MX_UART4_Init-UART4-false-HAL-true,26-MX_UART7_Init-UART7-false-HAL-true,27-MX_UART8_Init-UART8-false-HAL-true,28-MX_USART3_UART_Init-USART3-false-HAL-true,29-MX_TIM2_Init-TIM2-false-HAL-true
RCC.CECFreq_Value=32786.88524590164
RCC.DFSDMAudioFreq_Value=192000000
RCC.DFSDMFreq_Value=16000000
RCC.FamilyName=M
RCC.HSE_VALUE=16000000
RCC.HSI_VALUE=16000000
RCC.I2SFreq_Value=192000000
RCC.IPParameters=CECFreq_Value,DFSDMAudioFreq_Value,DFSDMFreq_Value,FamilyName,HSE_VALUE,HSI_VALUE,I2SFreq_Value,LSE_VALUE,LSI_VALUE,PLLCLKFreq_Value,PLLI2SPCLKFreq_Value,PLLI2SQCLKFreq_Value,PLLI2SRCLKFreq_Value,PLLI2SRoutputFreq_Value,PLLM,PLLN,PLLQ,PLLQCLKFreq_Value,PLLQoutputFreq_Value,PLLRFreq_Value,PLLSAIPCLKFreq_Value,PLLSAIQCLKFreq_Value,PLLSAIRCLKFreq_Value,PLLSAIoutputFreq_Value,RNGFreq_Value,SAI1Freq_Value,SAI2Freq_Value,SDMMC2Freq_Value,SDMMCClockSelection,SDMMCFreq_Value,SPDIFRXFreq_Value,USBFreq_Value,VCOI2SOutputFreq_Value,VCOInputFreq_Value,VCOOutputFreq_Value,VCOSAIOutputFreq_Value
RCC.LSE_VALUE=32768
RCC.LSI_VALUE=32000
RCC.PLLCLKFreq_Value=96000000
RCC.PLLI2SPCLKFreq_Value=192000000
RCC.PLLI2SQCLKFreq_Value=192000000
RCC.PLLI2SRCLKFreq_Value=192000000
RCC.PLLI2SRoutputFreq_Value=192000000
RCC.PLLM=8
RCC.PLLN=96
RCC.PLLQ=4
RCC.PLLQCLKFreq_Value=48000000
RCC.PLLQoutputFreq_Value=48000000
RCC.PLLRFreq_Value=96000000
RCC.PLLSAIPCLKFreq_Value=192000000
RCC.PLLSAIQCLKFreq_Value=192000000
RCC.PLLSAIRCLKFreq_Value=192000000
RCC.PLLSAIoutputFreq_Value=192000000
RCC.RNGFreq_Value=48000000
RCC.SAI1Freq_Value=192000000
RCC.SAI2Freq_Value=192000000
RCC.SDMMC2Freq_Value=16000000
RCC.SDMMCClockSelection=RCC_SDMMC1CLKSOURCE_CLK48
RCC.SDMMCFreq_Value=48000000
RCC.SPDIFRXFreq_Value=192000000
RCC.USBFreq_Value=48000000
RCC.VCOI2SOutputFreq_Value=384000000
RCC.VCOInputFreq_Value=2000000
RCC.VCOOutputFreq_Value=192000000
RCC.VCOSAIOutputFreq_Value=384000000
SH.ADCx_IN0.0=ADC1_IN0,IN0
SH.ADCx_IN0.ConfNb=1
SH.ADCx_IN1.0=ADC1_IN1,IN1
SH.ADCx_IN1.ConfNb=1
SH.ADCx_IN10.0=ADC1_IN10,IN10
SH.ADCx_IN10.ConfNb=1
SH.ADCx_IN11.0=ADC1_IN11,IN11
SH.ADCx_IN11.ConfNb=1
SH.ADCx_IN12.0=ADC1_IN12,IN12
SH.ADCx_IN12.ConfNb=1
SH.ADCx_IN13.0=ADC1_IN13,IN13
SH.ADCx_IN13.ConfNb=1
SH.ADCx_IN14.0=ADC1_IN14,IN14
SH.ADCx_IN14.ConfNb=1
SH.ADCx_IN2.0=ADC1_IN2,IN2
SH.ADCx_IN2.ConfNb=1
SH.ADCx_IN3.0=ADC1_IN3,IN3
SH.ADCx_IN3.ConfNb=1
SH.ADCx_IN4.0=ADC1_IN4,IN4
SH.ADCx_IN4.ConfNb=1
SH.ADCx_IN8.0=ADC1_IN8,IN8
SH.ADCx_IN8.ConfNb=1
SH.S_TIM12_CH1.0=TIM12_CH1,PWM Generation1 CH1
SH.S_TIM12_CH1.ConfNb=1
SH.S_TIM12_CH2.0=TIM12_CH2,PWM Generation2 CH2
SH.S_TIM12_CH2.ConfNb=1
SH.S_TIM1_CH1.0=TIM1_CH1,PWM Generation1 CH1
SH.S_TIM1_CH1.ConfNb=1
SH.S_TIM1_CH2.0=TIM1_CH2,PWM Generation2 CH2
SH.S_TIM1_CH2.ConfNb=1
SH.S_TIM1_CH3.0=TIM1_CH3,Output Compare3 CH3
SH.S_TIM1_CH3.ConfNb=1
SH.S_TIM1_CH4.0=TIM1_CH4,PWM Generation4 CH4
SH.S_TIM1_CH4.ConfNb=1
SH.S_TIM2_CH1_ETR.0=TIM2_CH1,Input_Capture1_from_TI1
SH.S_TIM2_CH1_ETR.ConfNb=1
SH.S_TIM2_CH2.0=TIM2_CH2,Input_Capture2_from_TI2
SH.S_TIM2_CH2.ConfNb=1
SH.S_TIM2_CH4.0=TIM2_CH4,Input_Capture4_from_TI4
SH.S_TIM2_CH4.ConfNb=1
SH.S_TIM4_CH2.0=TIM4_CH2,PWM Generation2 CH2
SH.S_TIM4_CH2.ConfNb=1
SH.S_TIM4_CH3.0=TIM4_CH3,PWM Generation3 CH3
SH.S_TIM4_CH3.ConfNb=1
SPI1.CalculateBaudRate=8.0 MBits/s
SPI1.Direction=SPI_DIRECTION_2LINES
SPI1.IPParameters=VirtualType,Mode,Direction,CalculateBaudRate
SPI1.Mode=SPI_MODE_MASTER
SPI1.VirtualType=VM_MASTER
SPI2.CalculateBaudRate=8.0 MBits/s
SPI2.Direction=SPI_DIRECTION_2LINES
SPI2.IPParameters=VirtualType,Mode,Direction,CalculateBaudRate
SPI2.Mode=SPI_MODE_MASTER
SPI2.VirtualType=VM_MASTER
SPI4.CalculateBaudRate=8.0 MBits/s
SPI4.Direction=SPI_DIRECTION_2LINES
SPI4.IPParameters=VirtualType,Mode,Direction,CalculateBaudRate
SPI4.Mode=SPI_MODE_MASTER
SPI4.VirtualType=VM_MASTER
SPI5.CalculateBaudRate=8.0 MBits/s
SPI5.Direction=SPI_DIRECTION_2LINES
SPI5.IPParameters=VirtualType,Mode,Direction,CalculateBaudRate
SPI5.Mode=SPI_MODE_MASTER
SPI5.VirtualType=VM_MASTER
TIM1.Channel-Output\ Compare3\ CH3=TIM_CHANNEL_3
TIM1.Channel-PWM\ Generation1\ CH1=TIM_CHANNEL_1
TIM1.Channel-PWM\ Generation2\ CH2=TIM_CHANNEL_2
TIM1.Channel-PWM\ Generation4\ CH4=TIM_CHANNEL_4
TIM1.IPParameters=Channel-PWM Generation1 CH1,Channel-PWM Generation2 CH2,Channel-Output Compare3 CH3,Channel-PWM Generation4 CH4
TIM12.Channel-PWM\ Generation1\ CH1=TIM_CHANNEL_1
TIM12.Channel-PWM\ Generation2\ CH2=TIM_CHANNEL_2
TIM12.IPParameters=Channel-PWM Generation1 CH1,Channel-PWM Generation2 CH2
TIM2.Channel-Input_Capture1_from_TI1=TIM_CHANNEL_1
TIM2.Channel-Input_Capture2_from_TI2=TIM_CHANNEL_2
TIM2.Channel-Input_Capture4_from_TI4=TIM_CHANNEL_4
TIM2.IPParameters=Channel-Input_Capture2_from_TI2,Channel-Input_Capture1_from_TI1,Channel-Input_Capture4_from_TI4
TIM4.Channel-PWM\ Generation2\ CH2=TIM_CHANNEL_2
TIM4.Channel-PWM\ Generation3\ CH3=TIM_CHANNEL_3
TIM4.IPParameters=Channel-PWM Generation2 CH2,Channel-PWM Generation3 CH3
UART4.BaudRate=57600
UART4.IPParameters=BaudRate
USART1.BaudRate=57600
USART1.IPParameters=VirtualMode-Asynchronous,BaudRate
USART1.VirtualMode-Asynchronous=VM_ASYNC
USART2.IPParameters=VirtualMode-Asynchronous
USART2.VirtualMode-Asynchronous=VM_ASYNC
USART3.IPParameters=VirtualMode-Asynchronous
USART3.VirtualMode-Asynchronous=VM_ASYNC
USART6.IPParameters=VirtualMode-Asynchronous
USART6.VirtualMode-Asynchronous=VM_ASYNC
USB_OTG_FS.IPParameters=VirtualMode
USB_OTG_FS.VirtualMode=Device_Only
VP_SYS_VS_Systick.Mode=SysTick
VP_SYS_VS_Systick.Signal=SYS_VS_Systick
board=custom
